
Microsoft Visual Studio Solution File, Format Version 12.00
# Visual Studio 14
VisualStudioVersion = 14.0.22823.1
MinimumVisualStudioVersion = 10.0.40219.1
Project("{FAE04EC0-301F-11D3-BF4B-00C04F79EFBC}") = "spanishsolver", "spanishsolver\spanishsolver.csproj", "{B69550AE-BB37-41CB-BFA0-C9A5B6DFA44F}"
EndProject
Global
	GlobalSection(SolutionConfigurationPlatforms) = preSolution
		Debug|Any CPU = Debug|Any CPU
		Release|Any CPU = Release|Any CPU
	EndGlobalSection
	GlobalSection(ProjectConfigurationPlatforms) = postSolution
		{B69550AE-BB37-41CB-BFA0-C9A5B6DFA44F}.Debug|Any CPU.ActiveCfg = Debug|Any CPU
		{B69550AE-BB37-41CB-BFA0-C9A5B6DFA44F}.Debug|Any CPU.Build.0 = Debug|Any CPU
		{B69550AE-BB37-41CB-BFA0-C9A5B6DFA44F}.Release|Any CPU.ActiveCfg = Release|Any CPU
		{B69550AE-BB37-41CB-BFA0-C9A5B6DFA44F}.Release|Any CPU.Build.0 = Release|Any CPU
	EndGlobalSection
	GlobalSection(SolutionProperties) = preSolution
		HideSolutionNode = FALSE
	EndGlobalSection
EndGlobal
